
Microsoft Visual Studio Solution File, Format Version 12.00
# Visual Studio Version 17
VisualStudioVersion = 17.3.32922.545
MinimumVisualStudioVersion = 10.0.40219.1
Project("{FAE04EC0-301F-11D3-BF4B-00C04F79EFBC}") = "ChessRanking", "ChessRanking\ChessRanking.csproj", "{A6C0AB9A-9DB8-4831-BB72-13B8B5F35AFA}"
EndProject
Global
	GlobalSection(SolutionConfigurationPlatforms) = preSolution
		Debug|Any CPU = Debug|Any CPU
		Release|Any CPU = Release|Any CPU
	EndGlobalSection
	GlobalSection(ProjectConfigurationPlatforms) = postSolution
		{A6C0AB9A-9DB8-4831-BB72-13B8B5F35AFA}.Debug|Any CPU.ActiveCfg = Debug|Any CPU
		{A6C0AB9A-9DB8-4831-BB72-13B8B5F35AFA}.Debug|Any CPU.Build.0 = Debug|Any CPU
		{A6C0AB9A-9DB8-4831-BB72-13B8B5F35AFA}.Release|Any CPU.ActiveCfg = Release|Any CPU
		{A6C0AB9A-9DB8-4831-BB72-13B8B5F35AFA}.Release|Any CPU.Build.0 = Release|Any CPU
	EndGlobalSection
	GlobalSection(SolutionProperties) = preSolution
		HideSolutionNode = FALSE
	EndGlobalSection
	GlobalSection(ExtensibilityGlobals) = postSolution
		SolutionGuid = {C5CA1BC5-83C7-40AE-880C-3BFAAF7A7416}
	EndGlobalSection
EndGlobal
